// !$*UTF8*$!
{
	archiveVersion = 1;
	classes = {
	};
	objectVersion = 55;
	objects = {

/* Begin PBXBuildFile section */
		14E1BAC128DD4A520029AE57 /* UnknownApp.swift in Sources */ = {isa = PBXBuildFile; fileRef = 14E1BAC028DD4A520029AE57 /* UnknownApp.swift */; };
		14E1BAC328DD4A520029AE57 /* ContentView.swift in Sources */ = {isa = PBXBuildFile; fileRef = 14E1BAC228DD4A520029AE57 /* ContentView.swift */; };
		14E1BAC528DD4A540029AE57 /* Assets.xcassets in Resources */ = {isa = PBXBuildFile; fileRef = 14E1BAC428DD4A540029AE57 /* Assets.xcassets */; };
		14E1BAC828DD4A540029AE57 /* Preview Assets.xcassets in Resources */ = {isa = PBXBuildFile; fileRef = 14E1BAC728DD4A540029AE57 /* Preview Assets.xcassets */; };
		14E1BAD028DD4CA30029AE57 /* Color.swift in Sources */ = {isa = PBXBuildFile; fileRef = 14E1BACF28DD4CA30029AE57 /* Color.swift */; };
		14E1BAD228DD55F80029AE57 /* View.swift in Sources */ = {isa = PBXBuildFile; fileRef = 14E1BAD128DD55F80029AE57 /* View.swift */; };
		14E1BADA28DD5B370029AE57 /* HomeView.swift in Sources */ = {isa = PBXBuildFile; fileRef = 14E1BAD928DD5B370029AE57 /* HomeView.swift */; };
		14E1BAE228DD76BA0029AE57 /* PosterView.swift in Sources */ = {isa = PBXBuildFile; fileRef = 14E1BAE128DD76BA0029AE57 /* PosterView.swift */; };
		14E1BAE428DD78740029AE57 /* PosterViewModel.swift in Sources */ = {isa = PBXBuildFile; fileRef = 14E1BAE328DD78740029AE57 /* PosterViewModel.swift */; };
		14E1BAE728DD78EC0029AE57 /* Movie.swift in Sources */ = {isa = PBXBuildFile; fileRef = 14E1BAE628DD78EC0029AE57 /* Movie.swift */; };
		14E1BAE928DD79B30029AE57 /* PreviewProvider.swift in Sources */ = {isa = PBXBuildFile; fileRef = 14E1BAE828DD79B30029AE57 /* PreviewProvider.swift */; };
		14E1BAED28DD7BE10029AE57 /* NetworkingManager.swift in Sources */ = {isa = PBXBuildFile; fileRef = 14E1BAEC28DD7BE10029AE57 /* NetworkingManager.swift */; };
		14E1BAEF28DD7C0A0029AE57 /* MoviePosterDataService.swift in Sources */ = {isa = PBXBuildFile; fileRef = 14E1BAEE28DD7C0A0029AE57 /* MoviePosterDataService.swift */; };
		14E1BAF128DD7C570029AE57 /* LocalFileManager.swift in Sources */ = {isa = PBXBuildFile; fileRef = 14E1BAF028DD7C570029AE57 /* LocalFileManager.swift */; };
		14E1BAF328DD80FE0029AE57 /* HomeViewModel.swift in Sources */ = {isa = PBXBuildFile; fileRef = 14E1BAF228DD80FE0029AE57 /* HomeViewModel.swift */; };
		14E1BAF528DD8A3F0029AE57 /* NowPlayingMovies.swift in Sources */ = {isa = PBXBuildFile; fileRef = 14E1BAF428DD8A3F0029AE57 /* NowPlayingMovies.swift */; };
		14E1BAF728DD8A740029AE57 /* NowPlayingMoviesDataService.swift in Sources */ = {isa = PBXBuildFile; fileRef = 14E1BAF628DD8A740029AE57 /* NowPlayingMoviesDataService.swift */; };
		14E1BAF928DD9B580029AE57 /* UpcomingMoviesDataService.swift in Sources */ = {isa = PBXBuildFile; fileRef = 14E1BAF828DD9B580029AE57 /* UpcomingMoviesDataService.swift */; };
		14E1BAFB28DD9BB00029AE57 /* UpcomingMovies.swift in Sources */ = {isa = PBXBuildFile; fileRef = 14E1BAFA28DD9BB00029AE57 /* UpcomingMovies.swift */; };
		14E1BAFD28DDA6180029AE57 /* PopularMovies.swift in Sources */ = {isa = PBXBuildFile; fileRef = 14E1BAFC28DDA6180029AE57 /* PopularMovies.swift */; };
		14E1BAFF28DDA6A60029AE57 /* PopularMoviesDataService.swift in Sources */ = {isa = PBXBuildFile; fileRef = 14E1BAFE28DDA6A60029AE57 /* PopularMoviesDataService.swift */; };
		14E1BB0128DDAD5E0029AE57 /* TopRatedMoviesDataService.swift in Sources */ = {isa = PBXBuildFile; fileRef = 14E1BB0028DDAD5E0029AE57 /* TopRatedMoviesDataService.swift */; };
		14E1BB0328DDAD6C0029AE57 /* TopRatedMovies.swift in Sources */ = {isa = PBXBuildFile; fileRef = 14E1BB0228DDAD6C0029AE57 /* TopRatedMovies.swift */; };
		14E1BB0528DDB0620029AE57 /* TabItemView.swift in Sources */ = {isa = PBXBuildFile; fileRef = 14E1BB0428DDB0620029AE57 /* TabItemView.swift */; };
		14E1BB0A28DDB42E0029AE57 /* ENV.plist in Resources */ = {isa = PBXBuildFile; fileRef = 14E1BB0928DDB42E0029AE57 /* ENV.plist */; };
		14E1BB0C28DDB48C0029AE57 /* Bundle.swift in Sources */ = {isa = PBXBuildFile; fileRef = 14E1BB0B28DDB48C0029AE57 /* Bundle.swift */; };
		14E1BB1128E286DF0029AE57 /* DetailView.swift in Sources */ = {isa = PBXBuildFile; fileRef = 14E1BB1028E286DF0029AE57 /* DetailView.swift */; };
		14E1BB1328E287370029AE57 /* MovieBackdropDataService.swift in Sources */ = {isa = PBXBuildFile; fileRef = 14E1BB1228E287370029AE57 /* MovieBackdropDataService.swift */; };
		14E1BB1528E288100029AE57 /* DetailViewModel.swift in Sources */ = {isa = PBXBuildFile; fileRef = 14E1BB1428E288100029AE57 /* DetailViewModel.swift */; };
		14E1BB1C28E2887A0029AE57 /* BackdropViewModel.swift in Sources */ = {isa = PBXBuildFile; fileRef = 14E1BB1B28E2887A0029AE57 /* BackdropViewModel.swift */; };
		14E1BB1E28E2888A0029AE57 /* BackdropView.swift in Sources */ = {isa = PBXBuildFile; fileRef = 14E1BB1D28E2888A0029AE57 /* BackdropView.swift */; };
		14E1BB2228E2B1CF0029AE57 /* MovieDetail.swift in Sources */ = {isa = PBXBuildFile; fileRef = 14E1BB2128E2B1CF0029AE57 /* MovieDetail.swift */; };
		14E1BB2428E2B2620029AE57 /* MovieDetailDataService.swift in Sources */ = {isa = PBXBuildFile; fileRef = 14E1BB2328E2B2620029AE57 /* MovieDetailDataService.swift */; };
		14E1BB2628E3322D0029AE57 /* Double.swift in Sources */ = {isa = PBXBuildFile; fileRef = 14E1BB2528E3322D0029AE57 /* Double.swift */; };
		14E1BB2828E33D740029AE57 /* UIScreen.swift in Sources */ = {isa = PBXBuildFile; fileRef = 14E1BB2728E33D740029AE57 /* UIScreen.swift */; };
/* End PBXBuildFile section */

/* Begin PBXFileReference section */
		14E1BABD28DD4A520029AE57 /* Unknown.app */ = {isa = PBXFileReference; explicitFileType = wrapper.application; includeInIndex = 0; path = Unknown.app; sourceTree = BUILT_PRODUCTS_DIR; };
		14E1BAC028DD4A520029AE57 /* UnknownApp.swift */ = {isa = PBXFileReference; lastKnownFileType = sourcecode.swift; path = UnknownApp.swift; sourceTree = "<group>"; };
		14E1BAC228DD4A520029AE57 /* ContentView.swift */ = {isa = PBXFileReference; lastKnownFileType = sourcecode.swift; path = ContentView.swift; sourceTree = "<group>"; };
		14E1BAC428DD4A540029AE57 /* Assets.xcassets */ = {isa = PBXFileReference; lastKnownFileType = folder.assetcatalog; path = Assets.xcassets; sourceTree = "<group>"; };
		14E1BAC728DD4A540029AE57 /* Preview Assets.xcassets */ = {isa = PBXFileReference; lastKnownFileType = folder.assetcatalog; path = "Preview Assets.xcassets"; sourceTree = "<group>"; };
		14E1BACF28DD4CA30029AE57 /* Color.swift */ = {isa = PBXFileReference; lastKnownFileType = sourcecode.swift; path = Color.swift; sourceTree = "<group>"; };
		14E1BAD128DD55F80029AE57 /* View.swift */ = {isa = PBXFileReference; lastKnownFileType = sourcecode.swift; path = View.swift; sourceTree = "<group>"; };
		14E1BAD928DD5B370029AE57 /* HomeView.swift */ = {isa = PBXFileReference; lastKnownFileType = sourcecode.swift; path = HomeView.swift; sourceTree = "<group>"; };
		14E1BAE128DD76BA0029AE57 /* PosterView.swift */ = {isa = PBXFileReference; lastKnownFileType = sourcecode.swift; path = PosterView.swift; sourceTree = "<group>"; };
		14E1BAE328DD78740029AE57 /* PosterViewModel.swift */ = {isa = PBXFileReference; lastKnownFileType = sourcecode.swift; path = PosterViewModel.swift; sourceTree = "<group>"; };
		14E1BAE628DD78EC0029AE57 /* Movie.swift */ = {isa = PBXFileReference; lastKnownFileType = sourcecode.swift; path = Movie.swift; sourceTree = "<group>"; };
		14E1BAE828DD79B30029AE57 /* PreviewProvider.swift */ = {isa = PBXFileReference; lastKnownFileType = sourcecode.swift; path = PreviewProvider.swift; sourceTree = "<group>"; };
		14E1BAEC28DD7BE10029AE57 /* NetworkingManager.swift */ = {isa = PBXFileReference; lastKnownFileType = sourcecode.swift; path = NetworkingManager.swift; sourceTree = "<group>"; };
		14E1BAEE28DD7C0A0029AE57 /* MoviePosterDataService.swift */ = {isa = PBXFileReference; lastKnownFileType = sourcecode.swift; path = MoviePosterDataService.swift; sourceTree = "<group>"; };
		14E1BAF028DD7C570029AE57 /* LocalFileManager.swift */ = {isa = PBXFileReference; lastKnownFileType = sourcecode.swift; path = LocalFileManager.swift; sourceTree = "<group>"; };
		14E1BAF228DD80FE0029AE57 /* HomeViewModel.swift */ = {isa = PBXFileReference; lastKnownFileType = sourcecode.swift; path = HomeViewModel.swift; sourceTree = "<group>"; };
		14E1BAF428DD8A3F0029AE57 /* NowPlayingMovies.swift */ = {isa = PBXFileReference; lastKnownFileType = sourcecode.swift; path = NowPlayingMovies.swift; sourceTree = "<group>"; };
		14E1BAF628DD8A740029AE57 /* NowPlayingMoviesDataService.swift */ = {isa = PBXFileReference; lastKnownFileType = sourcecode.swift; path = NowPlayingMoviesDataService.swift; sourceTree = "<group>"; };
		14E1BAF828DD9B580029AE57 /* UpcomingMoviesDataService.swift */ = {isa = PBXFileReference; lastKnownFileType = sourcecode.swift; path = UpcomingMoviesDataService.swift; sourceTree = "<group>"; };
		14E1BAFA28DD9BB00029AE57 /* UpcomingMovies.swift */ = {isa = PBXFileReference; lastKnownFileType = sourcecode.swift; path = UpcomingMovies.swift; sourceTree = "<group>"; };
		14E1BAFC28DDA6180029AE57 /* PopularMovies.swift */ = {isa = PBXFileReference; lastKnownFileType = sourcecode.swift; path = PopularMovies.swift; sourceTree = "<group>"; };
		14E1BAFE28DDA6A60029AE57 /* PopularMoviesDataService.swift */ = {isa = PBXFileReference; lastKnownFileType = sourcecode.swift; path = PopularMoviesDataService.swift; sourceTree = "<group>"; };
		14E1BB0028DDAD5E0029AE57 /* TopRatedMoviesDataService.swift */ = {isa = PBXFileReference; lastKnownFileType = sourcecode.swift; path = TopRatedMoviesDataService.swift; sourceTree = "<group>"; };
		14E1BB0228DDAD6C0029AE57 /* TopRatedMovies.swift */ = {isa = PBXFileReference; lastKnownFileType = sourcecode.swift; path = TopRatedMovies.swift; sourceTree = "<group>"; };
		14E1BB0428DDB0620029AE57 /* TabItemView.swift */ = {isa = PBXFileReference; lastKnownFileType = sourcecode.swift; path = TabItemView.swift; sourceTree = "<group>"; };
		14E1BB0928DDB42E0029AE57 /* ENV.plist */ = {isa = PBXFileReference; lastKnownFileType = text.plist.xml; path = ENV.plist; sourceTree = "<group>"; };
		14E1BB0B28DDB48C0029AE57 /* Bundle.swift */ = {isa = PBXFileReference; lastKnownFileType = sourcecode.swift; path = Bundle.swift; sourceTree = "<group>"; };
		14E1BB1028E286DF0029AE57 /* DetailView.swift */ = {isa = PBXFileReference; lastKnownFileType = sourcecode.swift; path = DetailView.swift; sourceTree = "<group>"; };
		14E1BB1228E287370029AE57 /* MovieBackdropDataService.swift */ = {isa = PBXFileReference; lastKnownFileType = sourcecode.swift; path = MovieBackdropDataService.swift; sourceTree = "<group>"; };
		14E1BB1428E288100029AE57 /* DetailViewModel.swift */ = {isa = PBXFileReference; lastKnownFileType = sourcecode.swift; path = DetailViewModel.swift; sourceTree = "<group>"; };
		14E1BB1B28E2887A0029AE57 /* BackdropViewModel.swift */ = {isa = PBXFileReference; lastKnownFileType = sourcecode.swift; path = BackdropViewModel.swift; sourceTree = "<group>"; };
		14E1BB1D28E2888A0029AE57 /* BackdropView.swift */ = {isa = PBXFileReference; lastKnownFileType = sourcecode.swift; path = BackdropView.swift; sourceTree = "<group>"; };
		14E1BB2128E2B1CF0029AE57 /* MovieDetail.swift */ = {isa = PBXFileReference; lastKnownFileType = sourcecode.swift; path = MovieDetail.swift; sourceTree = "<group>"; };
		14E1BB2328E2B2620029AE57 /* MovieDetailDataService.swift */ = {isa = PBXFileReference; lastKnownFileType = sourcecode.swift; path = MovieDetailDataService.swift; sourceTree = "<group>"; };
		14E1BB2528E3322D0029AE57 /* Double.swift */ = {isa = PBXFileReference; lastKnownFileType = sourcecode.swift; path = Double.swift; sourceTree = "<group>"; };
		14E1BB2728E33D740029AE57 /* UIScreen.swift */ = {isa = PBXFileReference; lastKnownFileType = sourcecode.swift; path = UIScreen.swift; sourceTree = "<group>"; };
/* End PBXFileReference section */

/* Begin PBXFrameworksBuildPhase section */
		14E1BABA28DD4A520029AE57 /* Frameworks */ = {
			isa = PBXFrameworksBuildPhase;
			buildActionMask = 2147483647;
			files = (
			);
			runOnlyForDeploymentPostprocessing = 0;
		};
/* End PBXFrameworksBuildPhase section */

/* Begin PBXGroup section */
		14E1BAB428DD4A520029AE57 = {
			isa = PBXGroup;
			children = (
				14E1BABF28DD4A520029AE57 /* Unknown */,
				14E1BABE28DD4A520029AE57 /* Products */,
			);
			sourceTree = "<group>";
		};
		14E1BABE28DD4A520029AE57 /* Products */ = {
			isa = PBXGroup;
			children = (
				14E1BABD28DD4A520029AE57 /* Unknown.app */,
			);
			name = Products;
			sourceTree = "<group>";
		};
		14E1BABF28DD4A520029AE57 /* Unknown */ = {
			isa = PBXGroup;
			children = (
				14E1BB0928DDB42E0029AE57 /* ENV.plist */,
				14E1BAEB28DD7BCC0029AE57 /* Utilities */,
				14E1BAEA28DD7BC80029AE57 /* Services */,
				14E1BAE528DD78A60029AE57 /* Models */,
				14E1BACE28DD4C980029AE57 /* Extensions */,
				14E1BAD328DD5B040029AE57 /* Core */,
				14E1BAC028DD4A520029AE57 /* UnknownApp.swift */,
				14E1BAC228DD4A520029AE57 /* ContentView.swift */,
				14E1BAC428DD4A540029AE57 /* Assets.xcassets */,
				14E1BAC628DD4A540029AE57 /* Preview Content */,
			);
			path = Unknown;
			sourceTree = "<group>";
		};
		14E1BAC628DD4A540029AE57 /* Preview Content */ = {
			isa = PBXGroup;
			children = (
				14E1BAC728DD4A540029AE57 /* Preview Assets.xcassets */,
			);
			path = "Preview Content";
			sourceTree = "<group>";
		};
		14E1BACE28DD4C980029AE57 /* Extensions */ = {
			isa = PBXGroup;
			children = (
				14E1BACF28DD4CA30029AE57 /* Color.swift */,
				14E1BAD128DD55F80029AE57 /* View.swift */,
				14E1BAE828DD79B30029AE57 /* PreviewProvider.swift */,
				14E1BB0B28DDB48C0029AE57 /* Bundle.swift */,
				14E1BB2528E3322D0029AE57 /* Double.swift */,
				14E1BB2728E33D740029AE57 /* UIScreen.swift */,
			);
			path = Extensions;
			sourceTree = "<group>";
		};
		14E1BAD328DD5B040029AE57 /* Core */ = {
			isa = PBXGroup;
			children = (
				14E1BB0D28E285000029AE57 /* Detail */,
				14E1BADB28DD765B0029AE57 /* Components */,
				14E1BAD428DD5B090029AE57 /* Home */,
			);
			path = Core;
			sourceTree = "<group>";
		};
		14E1BAD428DD5B090029AE57 /* Home */ = {
			isa = PBXGroup;
			children = (
				14E1BAD628DD5B110029AE57 /* ViewModel */,
				14E1BAD528DD5B0D0029AE57 /* View */,
			);
			path = Home;
			sourceTree = "<group>";
		};
		14E1BAD528DD5B0D0029AE57 /* View */ = {
			isa = PBXGroup;
			children = (
				14E1BAD928DD5B370029AE57 /* HomeView.swift */,
			);
			path = View;
			sourceTree = "<group>";
		};
		14E1BAD628DD5B110029AE57 /* ViewModel */ = {
			isa = PBXGroup;
			children = (
				14E1BAF228DD80FE0029AE57 /* HomeViewModel.swift */,
			);
			path = ViewModel;
			sourceTree = "<group>";
		};
		14E1BADB28DD765B0029AE57 /* Components */ = {
			isa = PBXGroup;
			children = (
				14E1BB1628E288520029AE57 /* Backdrop */,
				14E1BADC28DD76670029AE57 /* Poster */,
				14E1BB0428DDB0620029AE57 /* TabItemView.swift */,
			);
			path = Components;
			sourceTree = "<group>";
		};
		14E1BADC28DD76670029AE57 /* Poster */ = {
			isa = PBXGroup;
			children = (
				14E1BAE028DD76960029AE57 /* ViewModels */,
				14E1BADF28DD768E0029AE57 /* Views */,
			);
			path = Poster;
			sourceTree = "<group>";
		};
		14E1BADF28DD768E0029AE57 /* Views */ = {
			isa = PBXGroup;
			children = (
				14E1BAE128DD76BA0029AE57 /* PosterView.swift */,
			);
			path = Views;
			sourceTree = "<group>";
		};
		14E1BAE028DD76960029AE57 /* ViewModels */ = {
			isa = PBXGroup;
			children = (
				14E1BAE328DD78740029AE57 /* PosterViewModel.swift */,
			);
			path = ViewModels;
			sourceTree = "<group>";
		};
		14E1BAE528DD78A60029AE57 /* Models */ = {
			isa = PBXGroup;
			children = (
				14E1BAE628DD78EC0029AE57 /* Movie.swift */,
				14E1BAF428DD8A3F0029AE57 /* NowPlayingMovies.swift */,
				14E1BAFA28DD9BB00029AE57 /* UpcomingMovies.swift */,
				14E1BAFC28DDA6180029AE57 /* PopularMovies.swift */,
				14E1BB0228DDAD6C0029AE57 /* TopRatedMovies.swift */,
				14E1BB2128E2B1CF0029AE57 /* MovieDetail.swift */,
			);
			path = Models;
			sourceTree = "<group>";
		};
		14E1BAEA28DD7BC80029AE57 /* Services */ = {
			isa = PBXGroup;
			children = (
				14E1BAEE28DD7C0A0029AE57 /* MoviePosterDataService.swift */,
				14E1BAF628DD8A740029AE57 /* NowPlayingMoviesDataService.swift */,
				14E1BAF828DD9B580029AE57 /* UpcomingMoviesDataService.swift */,
				14E1BAFE28DDA6A60029AE57 /* PopularMoviesDataService.swift */,
				14E1BB0028DDAD5E0029AE57 /* TopRatedMoviesDataService.swift */,
				14E1BB1228E287370029AE57 /* MovieBackdropDataService.swift */,
				14E1BB2328E2B2620029AE57 /* MovieDetailDataService.swift */,
			);
			path = Services;
			sourceTree = "<group>";
		};
		14E1BAEB28DD7BCC0029AE57 /* Utilities */ = {
			isa = PBXGroup;
			children = (
				14E1BAEC28DD7BE10029AE57 /* NetworkingManager.swift */,
				14E1BAF028DD7C570029AE57 /* LocalFileManager.swift */,
			);
			path = Utilities;
			sourceTree = "<group>";
		};
		14E1BB0D28E285000029AE57 /* Detail */ = {
			isa = PBXGroup;
			children = (
				14E1BB0F28E2850C0029AE57 /* ViewModels */,
				14E1BB0E28E285060029AE57 /* Views */,
			);
			path = Detail;
			sourceTree = "<group>";
		};
		14E1BB0E28E285060029AE57 /* Views */ = {
			isa = PBXGroup;
			children = (
				14E1BB1028E286DF0029AE57 /* DetailView.swift */,
			);
			path = Views;
			sourceTree = "<group>";
		};
		14E1BB0F28E2850C0029AE57 /* ViewModels */ = {
			isa = PBXGroup;
			children = (
				14E1BB1428E288100029AE57 /* DetailViewModel.swift */,
			);
			path = ViewModels;
			sourceTree = "<group>";
		};
		14E1BB1628E288520029AE57 /* Backdrop */ = {
			isa = PBXGroup;
			children = (
				14E1BB1828E288630029AE57 /* Views */,
				14E1BB1728E2885E0029AE57 /* ViewModels */,
			);
			path = Backdrop;
			sourceTree = "<group>";
		};
		14E1BB1728E2885E0029AE57 /* ViewModels */ = {
			isa = PBXGroup;
			children = (
				14E1BB1B28E2887A0029AE57 /* BackdropViewModel.swift */,
			);
			path = ViewModels;
			sourceTree = "<group>";
		};
		14E1BB1828E288630029AE57 /* Views */ = {
			isa = PBXGroup;
			children = (
				14E1BB1D28E2888A0029AE57 /* BackdropView.swift */,
			);
			path = Views;
			sourceTree = "<group>";
		};
/* End PBXGroup section */

/* Begin PBXNativeTarget section */
		14E1BABC28DD4A520029AE57 /* Unknown */ = {
			isa = PBXNativeTarget;
			buildConfigurationList = 14E1BACB28DD4A540029AE57 /* Build configuration list for PBXNativeTarget "Unknown" */;
			buildPhases = (
				14E1BAB928DD4A520029AE57 /* Sources */,
				14E1BABA28DD4A520029AE57 /* Frameworks */,
				14E1BABB28DD4A520029AE57 /* Resources */,
			);
			buildRules = (
			);
			dependencies = (
			);
			name = Unknown;
			productName = Unknown;
			productReference = 14E1BABD28DD4A520029AE57 /* Unknown.app */;
			productType = "com.apple.product-type.application";
		};
/* End PBXNativeTarget section */

/* Begin PBXProject section */
		14E1BAB528DD4A520029AE57 /* Project object */ = {
			isa = PBXProject;
			attributes = {
				BuildIndependentTargetsInParallel = 1;
				LastSwiftUpdateCheck = 1340;
				LastUpgradeCheck = 1340;
				TargetAttributes = {
					14E1BABC28DD4A520029AE57 = {
						CreatedOnToolsVersion = 13.4.1;
					};
				};
			};
			buildConfigurationList = 14E1BAB828DD4A520029AE57 /* Build configuration list for PBXProject "Unknown" */;
			compatibilityVersion = "Xcode 13.0";
			developmentRegion = en;
			hasScannedForEncodings = 0;
			knownRegions = (
				en,
				Base,
			);
			mainGroup = 14E1BAB428DD4A520029AE57;
			productRefGroup = 14E1BABE28DD4A520029AE57 /* Products */;
			projectDirPath = "";
			projectRoot = "";
			targets = (
				14E1BABC28DD4A520029AE57 /* Unknown */,
			);
		};
/* End PBXProject section */

/* Begin PBXResourcesBuildPhase section */
		14E1BABB28DD4A520029AE57 /* Resources */ = {
			isa = PBXResourcesBuildPhase;
			buildActionMask = 2147483647;
			files = (
				14E1BAC828DD4A540029AE57 /* Preview Assets.xcassets in Resources */,
				14E1BAC528DD4A540029AE57 /* Assets.xcassets in Resources */,
				14E1BB0A28DDB42E0029AE57 /* ENV.plist in Resources */,
			);
			runOnlyForDeploymentPostprocessing = 0;
		};
/* End PBXResourcesBuildPhase section */

/* Begin PBXSourcesBuildPhase section */
		14E1BAB928DD4A520029AE57 /* Sources */ = {
			isa = PBXSourcesBuildPhase;
			buildActionMask = 2147483647;
			files = (
				14E1BAFF28DDA6A60029AE57 /* PopularMoviesDataService.swift in Sources */,
				14E1BB2428E2B2620029AE57 /* MovieDetailDataService.swift in Sources */,
				14E1BB1128E286DF0029AE57 /* DetailView.swift in Sources */,
				14E1BAD228DD55F80029AE57 /* View.swift in Sources */,
				14E1BB0128DDAD5E0029AE57 /* TopRatedMoviesDataService.swift in Sources */,
				14E1BAF728DD8A740029AE57 /* NowPlayingMoviesDataService.swift in Sources */,
				14E1BAEF28DD7C0A0029AE57 /* MoviePosterDataService.swift in Sources */,
				14E1BB2828E33D740029AE57 /* UIScreen.swift in Sources */,
				14E1BB2628E3322D0029AE57 /* Double.swift in Sources */,
				14E1BB0528DDB0620029AE57 /* TabItemView.swift in Sources */,
				14E1BAC328DD4A520029AE57 /* ContentView.swift in Sources */,
				14E1BAF528DD8A3F0029AE57 /* NowPlayingMovies.swift in Sources */,
				14E1BB1528E288100029AE57 /* DetailViewModel.swift in Sources */,
				14E1BAC128DD4A520029AE57 /* UnknownApp.swift in Sources */,
				14E1BAED28DD7BE10029AE57 /* NetworkingManager.swift in Sources */,
				14E1BB2228E2B1CF0029AE57 /* MovieDetail.swift in Sources */,
				14E1BADA28DD5B370029AE57 /* HomeView.swift in Sources */,
				14E1BAD028DD4CA30029AE57 /* Color.swift in Sources */,
				14E1BB1328E287370029AE57 /* MovieBackdropDataService.swift in Sources */,
				14E1BB0C28DDB48C0029AE57 /* Bundle.swift in Sources */,
				14E1BB0328DDAD6C0029AE57 /* TopRatedMovies.swift in Sources */,
				14E1BAE228DD76BA0029AE57 /* PosterView.swift in Sources */,
				14E1BAF928DD9B580029AE57 /* UpcomingMoviesDataService.swift in Sources */,
				14E1BB1C28E2887A0029AE57 /* BackdropViewModel.swift in Sources */,
				14E1BAFB28DD9BB00029AE57 /* UpcomingMovies.swift in Sources */,
				14E1BAF328DD80FE0029AE57 /* HomeViewModel.swift in Sources */,
				14E1BAE728DD78EC0029AE57 /* Movie.swift in Sources */,
				14E1BAFD28DDA6180029AE57 /* PopularMovies.swift in Sources */,
				14E1BAE928DD79B30029AE57 /* PreviewProvider.swift in Sources */,
				14E1BAE428DD78740029AE57 /* PosterViewModel.swift in Sources */,
				14E1BB1E28E2888A0029AE57 /* BackdropView.swift in Sources */,
				14E1BAF128DD7C570029AE57 /* LocalFileManager.swift in Sources */,
			);
			runOnlyForDeploymentPostprocessing = 0;
		};
/* End PBXSourcesBuildPhase section */

/* Begin XCBuildConfiguration section */
		14E1BAC928DD4A540029AE57 /* Debug */ = {
			isa = XCBuildConfiguration;
			buildSettings = {
				ALWAYS_SEARCH_USER_PATHS = NO;
				CLANG_ANALYZER_NONNULL = YES;
				CLANG_ANALYZER_NUMBER_OBJECT_CONVERSION = YES_AGGRESSIVE;
				CLANG_CXX_LANGUAGE_STANDARD = "gnu++17";
				CLANG_ENABLE_MODULES = YES;
				CLANG_ENABLE_OBJC_ARC = YES;
				CLANG_ENABLE_OBJC_WEAK = YES;
				CLANG_WARN_BLOCK_CAPTURE_AUTORELEASING = YES;
				CLANG_WARN_BOOL_CONVERSION = YES;
				CLANG_WARN_COMMA = YES;
				CLANG_WARN_CONSTANT_CONVERSION = YES;
				CLANG_WARN_DEPRECATED_OBJC_IMPLEMENTATIONS = YES;
				CLANG_WARN_DIRECT_OBJC_ISA_USAGE = YES_ERROR;
				CLANG_WARN_DOCUMENTATION_COMMENTS = YES;
				CLANG_WARN_EMPTY_BODY = YES;
				CLANG_WARN_ENUM_CONVERSION = YES;
				CLANG_WARN_INFINITE_RECURSION = YES;
				CLANG_WARN_INT_CONVERSION = YES;
				CLANG_WARN_NON_LITERAL_NULL_CONVERSION = YES;
				CLANG_WARN_OBJC_IMPLICIT_RETAIN_SELF = YES;
				CLANG_WARN_OBJC_LITERAL_CONVERSION = YES;
				CLANG_WARN_OBJC_ROOT_CLASS = YES_ERROR;
				CLANG_WARN_QUOTED_INCLUDE_IN_FRAMEWORK_HEADER = YES;
				CLANG_WARN_RANGE_LOOP_ANALYSIS = YES;
				CLANG_WARN_STRICT_PROTOTYPES = YES;
				CLANG_WARN_SUSPICIOUS_MOVE = YES;
				CLANG_WARN_UNGUARDED_AVAILABILITY = YES_AGGRESSIVE;
				CLANG_WARN_UNREACHABLE_CODE = YES;
				CLANG_WARN__DUPLICATE_METHOD_MATCH = YES;
				COPY_PHASE_STRIP = NO;
				DEBUG_INFORMATION_FORMAT = dwarf;
				ENABLE_STRICT_OBJC_MSGSEND = YES;
				ENABLE_TESTABILITY = YES;
				GCC_C_LANGUAGE_STANDARD = gnu11;
				GCC_DYNAMIC_NO_PIC = NO;
				GCC_NO_COMMON_BLOCKS = YES;
				GCC_OPTIMIZATION_LEVEL = 0;
				GCC_PREPROCESSOR_DEFINITIONS = (
					"DEBUG=1",
					"$(inherited)",
				);
				GCC_WARN_64_TO_32_BIT_CONVERSION = YES;
				GCC_WARN_ABOUT_RETURN_TYPE = YES_ERROR;
				GCC_WARN_UNDECLARED_SELECTOR = YES;
				GCC_WARN_UNINITIALIZED_AUTOS = YES_AGGRESSIVE;
				GCC_WARN_UNUSED_FUNCTION = YES;
				GCC_WARN_UNUSED_VARIABLE = YES;
				IPHONEOS_DEPLOYMENT_TARGET = 15.5;
				MTL_ENABLE_DEBUG_INFO = INCLUDE_SOURCE;
				MTL_FAST_MATH = YES;
				ONLY_ACTIVE_ARCH = YES;
				SDKROOT = iphoneos;
				SWIFT_ACTIVE_COMPILATION_CONDITIONS = DEBUG;
				SWIFT_OPTIMIZATION_LEVEL = "-Onone";
			};
			name = Debug;
		};
		14E1BACA28DD4A540029AE57 /* Release */ = {
			isa = XCBuildConfiguration;
			buildSettings = {
				ALWAYS_SEARCH_USER_PATHS = NO;
				CLANG_ANALYZER_NONNULL = YES;
				CLANG_ANALYZER_NUMBER_OBJECT_CONVERSION = YES_AGGRESSIVE;
				CLANG_CXX_LANGUAGE_STANDARD = "gnu++17";
				CLANG_ENABLE_MODULES = YES;
				CLANG_ENABLE_OBJC_ARC = YES;
				CLANG_ENABLE_OBJC_WEAK = YES;
				CLANG_WARN_BLOCK_CAPTURE_AUTORELEASING = YES;
				CLANG_WARN_BOOL_CONVERSION = YES;
				CLANG_WARN_COMMA = YES;
				CLANG_WARN_CONSTANT_CONVERSION = YES;
				CLANG_WARN_DEPRECATED_OBJC_IMPLEMENTATIONS = YES;
				CLANG_WARN_DIRECT_OBJC_ISA_USAGE = YES_ERROR;
				CLANG_WARN_DOCUMENTATION_COMMENTS = YES;
				CLANG_WARN_EMPTY_BODY = YES;
				CLANG_WARN_ENUM_CONVERSION = YES;
				CLANG_WARN_INFINITE_RECURSION = YES;
				CLANG_WARN_INT_CONVERSION = YES;
				CLANG_WARN_NON_LITERAL_NULL_CONVERSION = YES;
				CLANG_WARN_OBJC_IMPLICIT_RETAIN_SELF = YES;
				CLANG_WARN_OBJC_LITERAL_CONVERSION = YES;
				CLANG_WARN_OBJC_ROOT_CLASS = YES_ERROR;
				CLANG_WARN_QUOTED_INCLUDE_IN_FRAMEWORK_HEADER = YES;
				CLANG_WARN_RANGE_LOOP_ANALYSIS = YES;
				CLANG_WARN_STRICT_PROTOTYPES = YES;
				CLANG_WARN_SUSPICIOUS_MOVE = YES;
				CLANG_WARN_UNGUARDED_AVAILABILITY = YES_AGGRESSIVE;
				CLANG_WARN_UNREACHABLE_CODE = YES;
				CLANG_WARN__DUPLICATE_METHOD_MATCH = YES;
				COPY_PHASE_STRIP = NO;
				DEBUG_INFORMATION_FORMAT = "dwarf-with-dsym";
				ENABLE_NS_ASSERTIONS = NO;
				ENABLE_STRICT_OBJC_MSGSEND = YES;
				GCC_C_LANGUAGE_STANDARD = gnu11;
				GCC_NO_COMMON_BLOCKS = YES;
				GCC_WARN_64_TO_32_BIT_CONVERSION = YES;
				GCC_WARN_ABOUT_RETURN_TYPE = YES_ERROR;
				GCC_WARN_UNDECLARED_SELECTOR = YES;
				GCC_WARN_UNINITIALIZED_AUTOS = YES_AGGRESSIVE;
				GCC_WARN_UNUSED_FUNCTION = YES;
				GCC_WARN_UNUSED_VARIABLE = YES;
				IPHONEOS_DEPLOYMENT_TARGET = 15.5;
				MTL_ENABLE_DEBUG_INFO = NO;
				MTL_FAST_MATH = YES;
				SDKROOT = iphoneos;
				SWIFT_COMPILATION_MODE = wholemodule;
				SWIFT_OPTIMIZATION_LEVEL = "-O";
				VALIDATE_PRODUCT = YES;
			};
			name = Release;
		};
		14E1BACC28DD4A540029AE57 /* Debug */ = {
			isa = XCBuildConfiguration;
			buildSettings = {
				ASSETCATALOG_COMPILER_APPICON_NAME = AppIcon;
				ASSETCATALOG_COMPILER_GLOBAL_ACCENT_COLOR_NAME = AccentColor;
				CODE_SIGN_STYLE = Automatic;
				CURRENT_PROJECT_VERSION = 1;
				DEVELOPMENT_ASSET_PATHS = "\"Unknown/Preview Content\"";
				DEVELOPMENT_TEAM = FF7TPA95TS;
				ENABLE_PREVIEWS = YES;
				GENERATE_INFOPLIST_FILE = YES;
				INFOPLIST_KEY_UIApplicationSceneManifest_Generation = YES;
				INFOPLIST_KEY_UIApplicationSupportsIndirectInputEvents = YES;
				INFOPLIST_KEY_UILaunchScreen_Generation = YES;
				INFOPLIST_KEY_UISupportedInterfaceOrientations_iPad = "UIInterfaceOrientationPortrait UIInterfaceOrientationPortraitUpsideDown UIInterfaceOrientationLandscapeLeft UIInterfaceOrientationLandscapeRight";
				INFOPLIST_KEY_UISupportedInterfaceOrientations_iPhone = "UIInterfaceOrientationPortrait UIInterfaceOrientationLandscapeLeft UIInterfaceOrientationLandscapeRight";
				IPHONEOS_DEPLOYMENT_TARGET = 15.0;
				LD_RUNPATH_SEARCH_PATHS = (
					"$(inherited)",
					"@executable_path/Frameworks",
				);
				MARKETING_VERSION = 1.0;
				PRODUCT_BUNDLE_IDENTIFIER = com.sean.Unknown;
				PRODUCT_NAME = "$(TARGET_NAME)";
				SWIFT_EMIT_LOC_STRINGS = YES;
				SWIFT_VERSION = 5.0;
				TARGETED_DEVICE_FAMILY = "1,2";
			};
			name = Debug;
		};
		14E1BACD28DD4A540029AE57 /* Release */ = {
			isa = XCBuildConfiguration;
			buildSettings = {
				ASSETCATALOG_COMPILER_APPICON_NAME = AppIcon;
				ASSETCATALOG_COMPILER_GLOBAL_ACCENT_COLOR_NAME = AccentColor;
				CODE_SIGN_STYLE = Automatic;
				CURRENT_PROJECT_VERSION = 1;
				DEVELOPMENT_ASSET_PATHS = "\"Unknown/Preview Content\"";
				DEVELOPMENT_TEAM = FF7TPA95TS;
				ENABLE_PREVIEWS = YES;
				GENERATE_INFOPLIST_FILE = YES;
				INFOPLIST_KEY_UIApplicationSceneManifest_Generation = YES;
				INFOPLIST_KEY_UIApplicationSupportsIndirectInputEvents = YES;
				INFOPLIST_KEY_UILaunchScreen_Generation = YES;
				INFOPLIST_KEY_UISupportedInterfaceOrientations_iPad = "UIInterfaceOrientationPortrait UIInterfaceOrientationPortraitUpsideDown UIInterfaceOrientationLandscapeLeft UIInterfaceOrientationLandscapeRight";
				INFOPLIST_KEY_UISupportedInterfaceOrientations_iPhone = "UIInterfaceOrientationPortrait UIInterfaceOrientationLandscapeLeft UIInterfaceOrientationLandscapeRight";
				IPHONEOS_DEPLOYMENT_TARGET = 15.0;
				LD_RUNPATH_SEARCH_PATHS = (
					"$(inherited)",
					"@executable_path/Frameworks",
				);
				MARKETING_VERSION = 1.0;
				PRODUCT_BUNDLE_IDENTIFIER = com.sean.Unknown;
				PRODUCT_NAME = "$(TARGET_NAME)";
				SWIFT_EMIT_LOC_STRINGS = YES;
				SWIFT_VERSION = 5.0;
				TARGETED_DEVICE_FAMILY = "1,2";
			};
			name = Release;
		};
/* End XCBuildConfiguration section */

/* Begin XCConfigurationList section */
		14E1BAB828DD4A520029AE57 /* Build configuration list for PBXProject "Unknown" */ = {
			isa = XCConfigurationList;
			buildConfigurations = (
				14E1BAC928DD4A540029AE57 /* Debug */,
				14E1BACA28DD4A540029AE57 /* Release */,
			);
			defaultConfigurationIsVisible = 0;
			defaultConfigurationName = Release;
		};
		14E1BACB28DD4A540029AE57 /* Build configuration list for PBXNativeTarget "Unknown" */ = {
			isa = XCConfigurationList;
			buildConfigurations = (
				14E1BACC28DD4A540029AE57 /* Debug */,
				14E1BACD28DD4A540029AE57 /* Release */,
			);
			defaultConfigurationIsVisible = 0;
			defaultConfigurationName = Release;
		};
/* End XCConfigurationList section */
	};
	rootObject = 14E1BAB528DD4A520029AE57 /* Project object */;
}
